// !$*UTF8*$!
{
	archiveVersion = 1;
	classes = {
	};
	objectVersion = 50;
	objects = {

/* Begin PBXBuildFile section */
		7228F92F16974A076079C8B9 /* Pods_CurriculumVitae_CurriculumVitaeUITests.framework in Frameworks */ = {isa = PBXBuildFile; fileRef = 5AA2A388E79116841C6F5031 /* Pods_CurriculumVitae_CurriculumVitaeUITests.framework */; };
		C5258CF62204943900108813 /* RootViewCoordinator.swift in Sources */ = {isa = PBXBuildFile; fileRef = C5258CF52204943900108813 /* RootViewCoordinator.swift */; };
		C5258CF82204949300108813 /* RootDetailCoordinator.swift in Sources */ = {isa = PBXBuildFile; fileRef = C5258CF72204949300108813 /* RootDetailCoordinator.swift */; };
		C5281F2C21F1019E00BAD5B0 /* AppDelegate.swift in Sources */ = {isa = PBXBuildFile; fileRef = C5281F2B21F1019E00BAD5B0 /* AppDelegate.swift */; };
		C5281F2E21F1019E00BAD5B0 /* RootViewController.swift in Sources */ = {isa = PBXBuildFile; fileRef = C5281F2D21F1019E00BAD5B0 /* RootViewController.swift */; };
		C5281F3121F1019E00BAD5B0 /* Main.storyboard in Resources */ = {isa = PBXBuildFile; fileRef = C5281F2F21F1019E00BAD5B0 /* Main.storyboard */; };
		C5281F3321F101A000BAD5B0 /* Assets.xcassets in Resources */ = {isa = PBXBuildFile; fileRef = C5281F3221F101A000BAD5B0 /* Assets.xcassets */; };
		C5281F3621F101A000BAD5B0 /* LaunchScreen.storyboard in Resources */ = {isa = PBXBuildFile; fileRef = C5281F3421F101A000BAD5B0 /* LaunchScreen.storyboard */; };
		C5281F4F21F1117F00BAD5B0 /* CurriculumVitae.swift in Sources */ = {isa = PBXBuildFile; fileRef = C5281F4E21F1117E00BAD5B0 /* CurriculumVitae.swift */; };
		C5281F5121F1120400BAD5B0 /* GistMain.swift in Sources */ = {isa = PBXBuildFile; fileRef = C5281F5021F1120400BAD5B0 /* GistMain.swift */; };
		C5281F5421F1126500BAD5B0 /* Serialize.swift in Sources */ = {isa = PBXBuildFile; fileRef = C5281F5321F1126500BAD5B0 /* Serialize.swift */; };
		C5281F5B21F113F900BAD5B0 /* curriculumvitae.json in Resources */ = {isa = PBXBuildFile; fileRef = C5281F5621F113F900BAD5B0 /* curriculumvitae.json */; };
		C5281F5C21F113F900BAD5B0 /* MockServer.swift in Sources */ = {isa = PBXBuildFile; fileRef = C5281F5821F113F900BAD5B0 /* MockServer.swift */; };
		C5281F5D21F113F900BAD5B0 /* Fixtures.swift in Sources */ = {isa = PBXBuildFile; fileRef = C5281F5A21F113F900BAD5B0 /* Fixtures.swift */; };
		C5281F6021F11F8700BAD5B0 /* GistApiController.swift in Sources */ = {isa = PBXBuildFile; fileRef = C5281F5F21F11F8700BAD5B0 /* GistApiController.swift */; };
		C5281F6221F1202E00BAD5B0 /* Constant.swift in Sources */ = {isa = PBXBuildFile; fileRef = C5281F6121F1202E00BAD5B0 /* Constant.swift */; };
		C5281F6421F129F800BAD5B0 /* gistResponse.json in Resources */ = {isa = PBXBuildFile; fileRef = C5281F6321F129F800BAD5B0 /* gistResponse.json */; };
		C5281F6721F12B6300BAD5B0 /* GistApiControllerTest.swift in Sources */ = {isa = PBXBuildFile; fileRef = C5281F6621F12B6300BAD5B0 /* GistApiControllerTest.swift */; };
		C5281F6921F1376600BAD5B0 /* gistErrorResponse.json in Resources */ = {isa = PBXBuildFile; fileRef = C5281F6821F1376600BAD5B0 /* gistErrorResponse.json */; };
		C5281F6E21F1D03200BAD5B0 /* RootViewControllerTest.swift in Sources */ = {isa = PBXBuildFile; fileRef = C5281F6D21F1D03200BAD5B0 /* RootViewControllerTest.swift */; };
		C5281F7221F1D09900BAD5B0 /* RootViewModel.swift in Sources */ = {isa = PBXBuildFile; fileRef = C5281F7121F1D09900BAD5B0 /* RootViewModel.swift */; };
		C5281F7421F1E56E00BAD5B0 /* ProfileView.swift in Sources */ = {isa = PBXBuildFile; fileRef = C5281F7321F1E56E00BAD5B0 /* ProfileView.swift */; };
		C5281F7721F1F56D00BAD5B0 /* Coordinator.swift in Sources */ = {isa = PBXBuildFile; fileRef = C5281F7621F1F56D00BAD5B0 /* Coordinator.swift */; };
		C5281F7921F26CB500BAD5B0 /* UIImageView+LoadImage.swift in Sources */ = {isa = PBXBuildFile; fileRef = C5281F7821F26CB500BAD5B0 /* UIImageView+LoadImage.swift */; };
		C5281F7C21F32CFA00BAD5B0 /* SummaryTableViewCell.swift in Sources */ = {isa = PBXBuildFile; fileRef = C5281F7A21F32CFA00BAD5B0 /* SummaryTableViewCell.swift */; };
		C5281F7D21F32CFA00BAD5B0 /* SummaryTableViewCell.xib in Resources */ = {isa = PBXBuildFile; fileRef = C5281F7B21F32CFA00BAD5B0 /* SummaryTableViewCell.xib */; };
		C5281F8021F3378200BAD5B0 /* OtherTableViewCell.swift in Sources */ = {isa = PBXBuildFile; fileRef = C5281F7E21F3378200BAD5B0 /* OtherTableViewCell.swift */; };
		C5281F8121F3378200BAD5B0 /* OtherTableViewCell.xib in Resources */ = {isa = PBXBuildFile; fileRef = C5281F7F21F3378200BAD5B0 /* OtherTableViewCell.xib */; };
		C5281F8521F3565E00BAD5B0 /* TechnicalViewController.swift in Sources */ = {isa = PBXBuildFile; fileRef = C5281F8421F3565E00BAD5B0 /* TechnicalViewController.swift */; };
		C5281F8721F3567E00BAD5B0 /* Technical.storyboard in Resources */ = {isa = PBXBuildFile; fileRef = C5281F8621F3567E00BAD5B0 /* Technical.storyboard */; };
		C5281F8A21F35AA300BAD5B0 /* TechnicalViewControllerTest.swift in Sources */ = {isa = PBXBuildFile; fileRef = C5281F8921F35AA300BAD5B0 /* TechnicalViewControllerTest.swift */; };
		C5281F8C21F35D5D00BAD5B0 /* TechnicalViewModel.swift in Sources */ = {isa = PBXBuildFile; fileRef = C5281F8B21F35D5D00BAD5B0 /* TechnicalViewModel.swift */; };
		C5281F9121F3847700BAD5B0 /* Viewcontroller+Test.swift in Sources */ = {isa = PBXBuildFile; fileRef = C5281F9021F3847700BAD5B0 /* Viewcontroller+Test.swift */; };
		C5281F9421F3977A00BAD5B0 /* TechnicalViewModelMock.swift in Sources */ = {isa = PBXBuildFile; fileRef = C5281F9321F3977A00BAD5B0 /* TechnicalViewModelMock.swift */; };
		C5281F9721F3A8A600BAD5B0 /* ExperienceViewController.swift in Sources */ = {isa = PBXBuildFile; fileRef = C5281F9621F3A8A600BAD5B0 /* ExperienceViewController.swift */; };
		C5281F9921F3A8BC00BAD5B0 /* Experience.storyboard in Resources */ = {isa = PBXBuildFile; fileRef = C5281F9821F3A8BC00BAD5B0 /* Experience.storyboard */; };
		C5281F9B21F3A90F00BAD5B0 /* ExperienceViewModel.swift in Sources */ = {isa = PBXBuildFile; fileRef = C5281F9A21F3A90F00BAD5B0 /* ExperienceViewModel.swift */; };
		C5281F9E21F3B6DE00BAD5B0 /* ExperienceListTableViewCell.swift in Sources */ = {isa = PBXBuildFile; fileRef = C5281F9D21F3B6DE00BAD5B0 /* ExperienceListTableViewCell.swift */; };
		C5281FA021F4822000BAD5B0 /* ExperienceDetailsViewController.swift in Sources */ = {isa = PBXBuildFile; fileRef = C5281F9F21F4822000BAD5B0 /* ExperienceDetailsViewController.swift */; };
		C5281FA321F4922500BAD5B0 /* ExperienceViewControllerTest.swift in Sources */ = {isa = PBXBuildFile; fileRef = C5281FA221F4922500BAD5B0 /* ExperienceViewControllerTest.swift */; };
		C5281FA821F4B41F00BAD5B0 /* CurriculumVitaeTest.swift in Sources */ = {isa = PBXBuildFile; fileRef = C5281FA721F4B41F00BAD5B0 /* CurriculumVitaeTest.swift */; };
		C5281FAA21F4B5E500BAD5B0 /* empty.json in Resources */ = {isa = PBXBuildFile; fileRef = C5281FA921F4B5E500BAD5B0 /* empty.json */; };
		C5281FAC21F4BBD500BAD5B0 /* ReachabilityStatus.swift in Sources */ = {isa = PBXBuildFile; fileRef = C5281FAB21F4BBD500BAD5B0 /* ReachabilityStatus.swift */; };
		C5281FAF21F4BDC300BAD5B0 /* Box.swift in Sources */ = {isa = PBXBuildFile; fileRef = C5281FAE21F4BDC300BAD5B0 /* Box.swift */; };
		C5281FB121F4C53C00BAD5B0 /* ExperienceDetailsViewControllerTest.swift in Sources */ = {isa = PBXBuildFile; fileRef = C5281FB021F4C53C00BAD5B0 /* ExperienceDetailsViewControllerTest.swift */; };
		C5281FC221F4DEE300BAD5B0 /* RootViewTest.swift in Sources */ = {isa = PBXBuildFile; fileRef = C5281FC121F4DEE300BAD5B0 /* RootViewTest.swift */; };
		C5281FC321F4DF1800BAD5B0 /* gistErrorResponse.json in Resources */ = {isa = PBXBuildFile; fileRef = C5281F6821F1376600BAD5B0 /* gistErrorResponse.json */; };
		C5281FC421F4DF1800BAD5B0 /* gistResponse.json in Resources */ = {isa = PBXBuildFile; fileRef = C5281F6321F129F800BAD5B0 /* gistResponse.json */; };
		C5281FC521F4DF1800BAD5B0 /* curriculumvitae.json in Resources */ = {isa = PBXBuildFile; fileRef = C5281F5621F113F900BAD5B0 /* curriculumvitae.json */; };
		C5281FC621F4DF1800BAD5B0 /* empty.json in Resources */ = {isa = PBXBuildFile; fileRef = C5281FA921F4B5E500BAD5B0 /* empty.json */; };
		C5281FC721F4DF7D00BAD5B0 /* Fixtures.swift in Sources */ = {isa = PBXBuildFile; fileRef = C5281F5A21F113F900BAD5B0 /* Fixtures.swift */; };
		C5281FC821F4DF8300BAD5B0 /* MockServer.swift in Sources */ = {isa = PBXBuildFile; fileRef = C5281F5821F113F900BAD5B0 /* MockServer.swift */; };
		C5281FCA21F4E00D00BAD5B0 /* RootViewPage.swift in Sources */ = {isa = PBXBuildFile; fileRef = C5281FC921F4E00D00BAD5B0 /* RootViewPage.swift */; };
		C5281FCC21F4EB0200BAD5B0 /* TechnicalViewPage.swift in Sources */ = {isa = PBXBuildFile; fileRef = C5281FCB21F4EB0200BAD5B0 /* TechnicalViewPage.swift */; };
		C5281FCE21F4EC3200BAD5B0 /* ExperienceViewTest.swift in Sources */ = {isa = PBXBuildFile; fileRef = C5281FCD21F4EC3200BAD5B0 /* ExperienceViewTest.swift */; };
		C5281FD021F4ECFC00BAD5B0 /* ExperienceViewPage.swift in Sources */ = {isa = PBXBuildFile; fileRef = C5281FCF21F4ECFC00BAD5B0 /* ExperienceViewPage.swift */; };
		C5281FD221F4FB8600BAD5B0 /* ExperienceDetailsPage.swift in Sources */ = {isa = PBXBuildFile; fileRef = C5281FD121F4FB8600BAD5B0 /* ExperienceDetailsPage.swift */; };
		C5281FD421F659E100BAD5B0 /* curriculumvitaeError.json in Resources */ = {isa = PBXBuildFile; fileRef = C5281FD321F659E100BAD5B0 /* curriculumvitaeError.json */; };
		C5281FD521F659E100BAD5B0 /* curriculumvitaeError.json in Resources */ = {isa = PBXBuildFile; fileRef = C5281FD321F659E100BAD5B0 /* curriculumvitaeError.json */; };
		D0C37BECFDBED53BC639B6EF /* Pods_CurriculumVitae.framework in Frameworks */ = {isa = PBXBuildFile; fileRef = 08001CDF19DB195E05897F7F /* Pods_CurriculumVitae.framework */; };
		D9AD9B413BD11B7B9B29C83E /* Pods_CurriculumVitae_CurriculumVitaeTests.framework in Frameworks */ = {isa = PBXBuildFile; fileRef = A008FCE2FBC845E9D5C5AA63 /* Pods_CurriculumVitae_CurriculumVitaeTests.framework */; };
/* End PBXBuildFile section */

/* Begin PBXContainerItemProxy section */
		C5281F3D21F101A000BAD5B0 /* PBXContainerItemProxy */ = {
			isa = PBXContainerItemProxy;
			containerPortal = C5281F2021F1019E00BAD5B0 /* Project object */;
			proxyType = 1;
			remoteGlobalIDString = C5281F2721F1019E00BAD5B0;
			remoteInfo = CurriculumVitae;
		};
		C5281FBB21F4DE5E00BAD5B0 /* PBXContainerItemProxy */ = {
			isa = PBXContainerItemProxy;
			containerPortal = C5281F2021F1019E00BAD5B0 /* Project object */;
			proxyType = 1;
			remoteGlobalIDString = C5281F2721F1019E00BAD5B0;
			remoteInfo = CurriculumVitae;
		};
/* End PBXContainerItemProxy section */

/* Begin PBXFileReference section */
		08001CDF19DB195E05897F7F /* Pods_CurriculumVitae.framework */ = {isa = PBXFileReference; explicitFileType = wrapper.framework; includeInIndex = 0; path = Pods_CurriculumVitae.framework; sourceTree = BUILT_PRODUCTS_DIR; };
		09CC8652C80F0C34A28D4BCE /* Pods-CurriculumVitae-CurriculumVitaeTests.release.xcconfig */ = {isa = PBXFileReference; includeInIndex = 1; lastKnownFileType = text.xcconfig; name = "Pods-CurriculumVitae-CurriculumVitaeTests.release.xcconfig"; path = "Pods/Target Support Files/Pods-CurriculumVitae-CurriculumVitaeTests/Pods-CurriculumVitae-CurriculumVitaeTests.release.xcconfig"; sourceTree = "<group>"; };
		0D8087983A5D3D6F8F04A5F9 /* Pods-CurriculumVitae-CurriculumVitaeTests.debug.xcconfig */ = {isa = PBXFileReference; includeInIndex = 1; lastKnownFileType = text.xcconfig; name = "Pods-CurriculumVitae-CurriculumVitaeTests.debug.xcconfig"; path = "Pods/Target Support Files/Pods-CurriculumVitae-CurriculumVitaeTests/Pods-CurriculumVitae-CurriculumVitaeTests.debug.xcconfig"; sourceTree = "<group>"; };
		5AA2A388E79116841C6F5031 /* Pods_CurriculumVitae_CurriculumVitaeUITests.framework */ = {isa = PBXFileReference; explicitFileType = wrapper.framework; includeInIndex = 0; path = Pods_CurriculumVitae_CurriculumVitaeUITests.framework; sourceTree = BUILT_PRODUCTS_DIR; };
		6001575D94EED5BC0D65AB57 /* Pods-CurriculumVitae-CurriculumVitaeUITests.release.xcconfig */ = {isa = PBXFileReference; includeInIndex = 1; lastKnownFileType = text.xcconfig; name = "Pods-CurriculumVitae-CurriculumVitaeUITests.release.xcconfig"; path = "Pods/Target Support Files/Pods-CurriculumVitae-CurriculumVitaeUITests/Pods-CurriculumVitae-CurriculumVitaeUITests.release.xcconfig"; sourceTree = "<group>"; };
		666923F090681942DEFF330D /* Pods-CurriculumVitae.debug.xcconfig */ = {isa = PBXFileReference; includeInIndex = 1; lastKnownFileType = text.xcconfig; name = "Pods-CurriculumVitae.debug.xcconfig"; path = "Pods/Target Support Files/Pods-CurriculumVitae/Pods-CurriculumVitae.debug.xcconfig"; sourceTree = "<group>"; };
		91D6BE0B2164748F2E738891 /* Pods-CurriculumVitae.release.xcconfig */ = {isa = PBXFileReference; includeInIndex = 1; lastKnownFileType = text.xcconfig; name = "Pods-CurriculumVitae.release.xcconfig"; path = "Pods/Target Support Files/Pods-CurriculumVitae/Pods-CurriculumVitae.release.xcconfig"; sourceTree = "<group>"; };
		92036B27B586D8EA5722D9DD /* Pods-CurriculumVitae-CurriculumVitaeUITests.debug.xcconfig */ = {isa = PBXFileReference; includeInIndex = 1; lastKnownFileType = text.xcconfig; name = "Pods-CurriculumVitae-CurriculumVitaeUITests.debug.xcconfig"; path = "Pods/Target Support Files/Pods-CurriculumVitae-CurriculumVitaeUITests/Pods-CurriculumVitae-CurriculumVitaeUITests.debug.xcconfig"; sourceTree = "<group>"; };
		A008FCE2FBC845E9D5C5AA63 /* Pods_CurriculumVitae_CurriculumVitaeTests.framework */ = {isa = PBXFileReference; explicitFileType = wrapper.framework; includeInIndex = 0; path = Pods_CurriculumVitae_CurriculumVitaeTests.framework; sourceTree = BUILT_PRODUCTS_DIR; };
		C5258CF52204943900108813 /* RootViewCoordinator.swift */ = {isa = PBXFileReference; lastKnownFileType = sourcecode.swift; path = RootViewCoordinator.swift; sourceTree = "<group>"; };
		C5258CF72204949300108813 /* RootDetailCoordinator.swift */ = {isa = PBXFileReference; lastKnownFileType = sourcecode.swift; path = RootDetailCoordinator.swift; sourceTree = "<group>"; };
		C5281F2821F1019E00BAD5B0 /* CurriculumVitae.app */ = {isa = PBXFileReference; explicitFileType = wrapper.application; includeInIndex = 0; path = CurriculumVitae.app; sourceTree = BUILT_PRODUCTS_DIR; };
		C5281F2B21F1019E00BAD5B0 /* AppDelegate.swift */ = {isa = PBXFileReference; lastKnownFileType = sourcecode.swift; path = AppDelegate.swift; sourceTree = "<group>"; };
		C5281F2D21F1019E00BAD5B0 /* RootViewController.swift */ = {isa = PBXFileReference; lastKnownFileType = sourcecode.swift; path = RootViewController.swift; sourceTree = "<group>"; };
		C5281F3021F1019E00BAD5B0 /* Base */ = {isa = PBXFileReference; lastKnownFileType = file.storyboard; name = Base; path = Base.lproj/Main.storyboard; sourceTree = "<group>"; };
		C5281F3221F101A000BAD5B0 /* Assets.xcassets */ = {isa = PBXFileReference; lastKnownFileType = folder.assetcatalog; path = Assets.xcassets; sourceTree = "<group>"; };
		C5281F3521F101A000BAD5B0 /* Base */ = {isa = PBXFileReference; lastKnownFileType = file.storyboard; name = Base; path = Base.lproj/LaunchScreen.storyboard; sourceTree = "<group>"; };
		C5281F3721F101A000BAD5B0 /* Info.plist */ = {isa = PBXFileReference; lastKnownFileType = text.plist.xml; path = Info.plist; sourceTree = "<group>"; };
		C5281F3C21F101A000BAD5B0 /* CurriculumVitaeTests.xctest */ = {isa = PBXFileReference; explicitFileType = wrapper.cfbundle; includeInIndex = 0; path = CurriculumVitaeTests.xctest; sourceTree = BUILT_PRODUCTS_DIR; };
		C5281F4221F101A000BAD5B0 /* Info.plist */ = {isa = PBXFileReference; lastKnownFileType = text.plist.xml; path = Info.plist; sourceTree = "<group>"; };
		C5281F4E21F1117E00BAD5B0 /* CurriculumVitae.swift */ = {isa = PBXFileReference; lastKnownFileType = sourcecode.swift; path = CurriculumVitae.swift; sourceTree = "<group>"; };
		C5281F5021F1120400BAD5B0 /* GistMain.swift */ = {isa = PBXFileReference; lastKnownFileType = sourcecode.swift; path = GistMain.swift; sourceTree = "<group>"; };
		C5281F5321F1126500BAD5B0 /* Serialize.swift */ = {isa = PBXFileReference; lastKnownFileType = sourcecode.swift; path = Serialize.swift; sourceTree = "<group>"; };
		C5281F5621F113F900BAD5B0 /* curriculumvitae.json */ = {isa = PBXFileReference; fileEncoding = 4; lastKnownFileType = text.json; path = curriculumvitae.json; sourceTree = "<group>"; };
		C5281F5821F113F900BAD5B0 /* MockServer.swift */ = {isa = PBXFileReference; fileEncoding = 4; lastKnownFileType = sourcecode.swift; path = MockServer.swift; sourceTree = "<group>"; };
		C5281F5A21F113F900BAD5B0 /* Fixtures.swift */ = {isa = PBXFileReference; fileEncoding = 4; lastKnownFileType = sourcecode.swift; path = Fixtures.swift; sourceTree = "<group>"; };
		C5281F5F21F11F8700BAD5B0 /* GistApiController.swift */ = {isa = PBXFileReference; lastKnownFileType = sourcecode.swift; path = GistApiController.swift; sourceTree = "<group>"; };
		C5281F6121F1202E00BAD5B0 /* Constant.swift */ = {isa = PBXFileReference; lastKnownFileType = sourcecode.swift; path = Constant.swift; sourceTree = "<group>"; };
		C5281F6321F129F800BAD5B0 /* gistResponse.json */ = {isa = PBXFileReference; fileEncoding = 4; lastKnownFileType = text.json; path = gistResponse.json; sourceTree = "<group>"; };
		C5281F6621F12B6300BAD5B0 /* GistApiControllerTest.swift */ = {isa = PBXFileReference; lastKnownFileType = sourcecode.swift; path = GistApiControllerTest.swift; sourceTree = "<group>"; };
		C5281F6821F1376600BAD5B0 /* gistErrorResponse.json */ = {isa = PBXFileReference; fileEncoding = 4; lastKnownFileType = text.json; path = gistErrorResponse.json; sourceTree = "<group>"; };
		C5281F6D21F1D03200BAD5B0 /* RootViewControllerTest.swift */ = {isa = PBXFileReference; lastKnownFileType = sourcecode.swift; path = RootViewControllerTest.swift; sourceTree = "<group>"; };
		C5281F7121F1D09900BAD5B0 /* RootViewModel.swift */ = {isa = PBXFileReference; lastKnownFileType = sourcecode.swift; path = RootViewModel.swift; sourceTree = "<group>"; };
		C5281F7321F1E56E00BAD5B0 /* ProfileView.swift */ = {isa = PBXFileReference; lastKnownFileType = sourcecode.swift; path = ProfileView.swift; sourceTree = "<group>"; };
		C5281F7621F1F56D00BAD5B0 /* Coordinator.swift */ = {isa = PBXFileReference; lastKnownFileType = sourcecode.swift; path = Coordinator.swift; sourceTree = "<group>"; };
		C5281F7821F26CB500BAD5B0 /* UIImageView+LoadImage.swift */ = {isa = PBXFileReference; lastKnownFileType = sourcecode.swift; path = "UIImageView+LoadImage.swift"; sourceTree = "<group>"; };
		C5281F7A21F32CFA00BAD5B0 /* SummaryTableViewCell.swift */ = {isa = PBXFileReference; lastKnownFileType = sourcecode.swift; path = SummaryTableViewCell.swift; sourceTree = "<group>"; };
		C5281F7B21F32CFA00BAD5B0 /* SummaryTableViewCell.xib */ = {isa = PBXFileReference; lastKnownFileType = file.xib; path = SummaryTableViewCell.xib; sourceTree = "<group>"; };
		C5281F7E21F3378200BAD5B0 /* OtherTableViewCell.swift */ = {isa = PBXFileReference; lastKnownFileType = sourcecode.swift; path = OtherTableViewCell.swift; sourceTree = "<group>"; };
		C5281F7F21F3378200BAD5B0 /* OtherTableViewCell.xib */ = {isa = PBXFileReference; lastKnownFileType = file.xib; path = OtherTableViewCell.xib; sourceTree = "<group>"; };
		C5281F8421F3565E00BAD5B0 /* TechnicalViewController.swift */ = {isa = PBXFileReference; lastKnownFileType = sourcecode.swift; path = TechnicalViewController.swift; sourceTree = "<group>"; };
		C5281F8621F3567E00BAD5B0 /* Technical.storyboard */ = {isa = PBXFileReference; lastKnownFileType = file.storyboard; path = Technical.storyboard; sourceTree = "<group>"; };
		C5281F8921F35AA300BAD5B0 /* TechnicalViewControllerTest.swift */ = {isa = PBXFileReference; lastKnownFileType = sourcecode.swift; path = TechnicalViewControllerTest.swift; sourceTree = "<group>"; };
		C5281F8B21F35D5D00BAD5B0 /* TechnicalViewModel.swift */ = {isa = PBXFileReference; lastKnownFileType = sourcecode.swift; path = TechnicalViewModel.swift; sourceTree = "<group>"; };
		C5281F9021F3847700BAD5B0 /* Viewcontroller+Test.swift */ = {isa = PBXFileReference; lastKnownFileType = sourcecode.swift; path = "Viewcontroller+Test.swift"; sourceTree = "<group>"; };
		C5281F9321F3977A00BAD5B0 /* TechnicalViewModelMock.swift */ = {isa = PBXFileReference; lastKnownFileType = sourcecode.swift; path = TechnicalViewModelMock.swift; sourceTree = "<group>"; };
		C5281F9621F3A8A600BAD5B0 /* ExperienceViewController.swift */ = {isa = PBXFileReference; lastKnownFileType = sourcecode.swift; path = ExperienceViewController.swift; sourceTree = "<group>"; };
		C5281F9821F3A8BC00BAD5B0 /* Experience.storyboard */ = {isa = PBXFileReference; lastKnownFileType = file.storyboard; path = Experience.storyboard; sourceTree = "<group>"; };
		C5281F9A21F3A90F00BAD5B0 /* ExperienceViewModel.swift */ = {isa = PBXFileReference; lastKnownFileType = sourcecode.swift; path = ExperienceViewModel.swift; sourceTree = "<group>"; };
		C5281F9D21F3B6DE00BAD5B0 /* ExperienceListTableViewCell.swift */ = {isa = PBXFileReference; lastKnownFileType = sourcecode.swift; path = ExperienceListTableViewCell.swift; sourceTree = "<group>"; };
		C5281F9F21F4822000BAD5B0 /* ExperienceDetailsViewController.swift */ = {isa = PBXFileReference; lastKnownFileType = sourcecode.swift; path = ExperienceDetailsViewController.swift; sourceTree = "<group>"; };
		C5281FA221F4922500BAD5B0 /* ExperienceViewControllerTest.swift */ = {isa = PBXFileReference; lastKnownFileType = sourcecode.swift; path = ExperienceViewControllerTest.swift; sourceTree = "<group>"; };
		C5281FA721F4B41F00BAD5B0 /* CurriculumVitaeTest.swift */ = {isa = PBXFileReference; lastKnownFileType = sourcecode.swift; path = CurriculumVitaeTest.swift; sourceTree = "<group>"; };
		C5281FA921F4B5E500BAD5B0 /* empty.json */ = {isa = PBXFileReference; lastKnownFileType = text.json; path = empty.json; sourceTree = "<group>"; };
		C5281FAB21F4BBD500BAD5B0 /* ReachabilityStatus.swift */ = {isa = PBXFileReference; lastKnownFileType = sourcecode.swift; path = ReachabilityStatus.swift; sourceTree = "<group>"; };
		C5281FAE21F4BDC300BAD5B0 /* Box.swift */ = {isa = PBXFileReference; lastKnownFileType = sourcecode.swift; path = Box.swift; sourceTree = "<group>"; };
		C5281FB021F4C53C00BAD5B0 /* ExperienceDetailsViewControllerTest.swift */ = {isa = PBXFileReference; lastKnownFileType = sourcecode.swift; path = ExperienceDetailsViewControllerTest.swift; sourceTree = "<group>"; };
		C5281FB621F4DE5E00BAD5B0 /* CurriculumVitaeUITests.xctest */ = {isa = PBXFileReference; explicitFileType = wrapper.cfbundle; includeInIndex = 0; path = CurriculumVitaeUITests.xctest; sourceTree = BUILT_PRODUCTS_DIR; };
		C5281FBA21F4DE5E00BAD5B0 /* Info.plist */ = {isa = PBXFileReference; lastKnownFileType = text.plist.xml; path = Info.plist; sourceTree = "<group>"; };
		C5281FC121F4DEE300BAD5B0 /* RootViewTest.swift */ = {isa = PBXFileReference; lastKnownFileType = sourcecode.swift; path = RootViewTest.swift; sourceTree = "<group>"; };
		C5281FC921F4E00D00BAD5B0 /* RootViewPage.swift */ = {isa = PBXFileReference; lastKnownFileType = sourcecode.swift; path = RootViewPage.swift; sourceTree = "<group>"; };
		C5281FCB21F4EB0200BAD5B0 /* TechnicalViewPage.swift */ = {isa = PBXFileReference; lastKnownFileType = sourcecode.swift; path = TechnicalViewPage.swift; sourceTree = "<group>"; };
		C5281FCD21F4EC3200BAD5B0 /* ExperienceViewTest.swift */ = {isa = PBXFileReference; lastKnownFileType = sourcecode.swift; path = ExperienceViewTest.swift; sourceTree = "<group>"; };
		C5281FCF21F4ECFC00BAD5B0 /* ExperienceViewPage.swift */ = {isa = PBXFileReference; lastKnownFileType = sourcecode.swift; path = ExperienceViewPage.swift; sourceTree = "<group>"; };
		C5281FD121F4FB8600BAD5B0 /* ExperienceDetailsPage.swift */ = {isa = PBXFileReference; lastKnownFileType = sourcecode.swift; path = ExperienceDetailsPage.swift; sourceTree = "<group>"; };
		C5281FD321F659E100BAD5B0 /* curriculumvitaeError.json */ = {isa = PBXFileReference; lastKnownFileType = text.json; path = curriculumvitaeError.json; sourceTree = "<group>"; };
/* End PBXFileReference section */

/* Begin PBXFrameworksBuildPhase section */
		C5281F2521F1019E00BAD5B0 /* Frameworks */ = {
			isa = PBXFrameworksBuildPhase;
			buildActionMask = 2147483647;
			files = (
				D0C37BECFDBED53BC639B6EF /* Pods_CurriculumVitae.framework in Frameworks */,
			);
			runOnlyForDeploymentPostprocessing = 0;
		};
		C5281F3921F101A000BAD5B0 /* Frameworks */ = {
			isa = PBXFrameworksBuildPhase;
			buildActionMask = 2147483647;
			files = (
				D9AD9B413BD11B7B9B29C83E /* Pods_CurriculumVitae_CurriculumVitaeTests.framework in Frameworks */,
			);
			runOnlyForDeploymentPostprocessing = 0;
		};
		C5281FB321F4DE5E00BAD5B0 /* Frameworks */ = {
			isa = PBXFrameworksBuildPhase;
			buildActionMask = 2147483647;
			files = (
				7228F92F16974A076079C8B9 /* Pods_CurriculumVitae_CurriculumVitaeUITests.framework in Frameworks */,
			);
			runOnlyForDeploymentPostprocessing = 0;
		};
/* End PBXFrameworksBuildPhase section */

/* Begin PBXGroup section */
		49D39FF9752D940AE23BF1ED /* Frameworks */ = {
			isa = PBXGroup;
			children = (
				08001CDF19DB195E05897F7F /* Pods_CurriculumVitae.framework */,
				A008FCE2FBC845E9D5C5AA63 /* Pods_CurriculumVitae_CurriculumVitaeTests.framework */,
				5AA2A388E79116841C6F5031 /* Pods_CurriculumVitae_CurriculumVitaeUITests.framework */,
			);
			name = Frameworks;
			sourceTree = "<group>";
		};
		5070A302A72CEE5CD6E3342D /* Pods */ = {
			isa = PBXGroup;
			children = (
				666923F090681942DEFF330D /* Pods-CurriculumVitae.debug.xcconfig */,
				91D6BE0B2164748F2E738891 /* Pods-CurriculumVitae.release.xcconfig */,
				0D8087983A5D3D6F8F04A5F9 /* Pods-CurriculumVitae-CurriculumVitaeTests.debug.xcconfig */,
				09CC8652C80F0C34A28D4BCE /* Pods-CurriculumVitae-CurriculumVitaeTests.release.xcconfig */,
				92036B27B586D8EA5722D9DD /* Pods-CurriculumVitae-CurriculumVitaeUITests.debug.xcconfig */,
				6001575D94EED5BC0D65AB57 /* Pods-CurriculumVitae-CurriculumVitaeUITests.release.xcconfig */,
			);
			name = Pods;
			sourceTree = "<group>";
		};
		C5281F1F21F1019E00BAD5B0 = {
			isa = PBXGroup;
			children = (
				C5281F2A21F1019E00BAD5B0 /* CurriculumVitae */,
				C5281F3F21F101A000BAD5B0 /* CurriculumVitaeTests */,
				C5281FB721F4DE5E00BAD5B0 /* CurriculumVitaeUITests */,
				C5281F2921F1019E00BAD5B0 /* Products */,
				5070A302A72CEE5CD6E3342D /* Pods */,
				49D39FF9752D940AE23BF1ED /* Frameworks */,
			);
			sourceTree = "<group>";
		};
		C5281F2921F1019E00BAD5B0 /* Products */ = {
			isa = PBXGroup;
			children = (
				C5281F2821F1019E00BAD5B0 /* CurriculumVitae.app */,
				C5281F3C21F101A000BAD5B0 /* CurriculumVitaeTests.xctest */,
				C5281FB621F4DE5E00BAD5B0 /* CurriculumVitaeUITests.xctest */,
			);
			name = Products;
			sourceTree = "<group>";
		};
		C5281F2A21F1019E00BAD5B0 /* CurriculumVitae */ = {
			isa = PBXGroup;
			children = (
				C5281F3721F101A000BAD5B0 /* Info.plist */,
				C5281F5221F1123C00BAD5B0 /* Helper */,
				C5281F5E21F11F4000BAD5B0 /* Network Layer */,
				C5281F4D21F1111200BAD5B0 /* Presentation Layer */,
				C5281F4C21F110C100BAD5B0 /* Model Layer */,
				C5281F4B21F1109000BAD5B0 /* App Infrastructure */,
			);
			path = CurriculumVitae;
			sourceTree = "<group>";
		};
		C5281F3F21F101A000BAD5B0 /* CurriculumVitaeTests */ = {
			isa = PBXGroup;
			children = (
				C5281FA621F4B3DB00BAD5B0 /* Model */,
				C5281F8D21F3845000BAD5B0 /* Extension */,
				C5281F6A21F1CF8000BAD5B0 /* Presentation Layer */,
				C5281F6521F12B3C00BAD5B0 /* Network Layer */,
				C5281F5921F113F900BAD5B0 /* Fixture */,
				C5281F5721F113F900BAD5B0 /* MockServer */,
				C5281F5521F113F900BAD5B0 /* Resources */,
				C5281F4221F101A000BAD5B0 /* Info.plist */,
			);
			path = CurriculumVitaeTests;
			sourceTree = "<group>";
		};
		C5281F4B21F1109000BAD5B0 /* App Infrastructure */ = {
			isa = PBXGroup;
			children = (
				C5281F6121F1202E00BAD5B0 /* Constant.swift */,
				C5281F2B21F1019E00BAD5B0 /* AppDelegate.swift */,
				C5281F3221F101A000BAD5B0 /* Assets.xcassets */,
				C5281F3421F101A000BAD5B0 /* LaunchScreen.storyboard */,
			);
			path = "App Infrastructure";
			sourceTree = "<group>";
		};
		C5281F4C21F110C100BAD5B0 /* Model Layer */ = {
			isa = PBXGroup;
			children = (
				C5281F4E21F1117E00BAD5B0 /* CurriculumVitae.swift */,
				C5281F5021F1120400BAD5B0 /* GistMain.swift */,
			);
			path = "Model Layer";
			sourceTree = "<group>";
		};
		C5281F4D21F1111200BAD5B0 /* Presentation Layer */ = {
			isa = PBXGroup;
			children = (
				C5281F2F21F1019E00BAD5B0 /* Main.storyboard */,
				C5281FAD21F4BD9500BAD5B0 /* Listener */,
				C5281F7521F1F53B00BAD5B0 /* Coordinator */,
				C5281F6C21F1CFD400BAD5B0 /* Root View Layer */,
				C5281F8321F3560100BAD5B0 /* Technical View layer */,
				C5281F9521F3A85900BAD5B0 /* Experience view layer */,
			);
			path = "Presentation Layer";
			sourceTree = "<group>";
		};
		C5281F5221F1123C00BAD5B0 /* Helper */ = {
			isa = PBXGroup;
			children = (
				C5281F5321F1126500BAD5B0 /* Serialize.swift */,
			);
			path = Helper;
			sourceTree = "<group>";
		};
		C5281F5521F113F900BAD5B0 /* Resources */ = {
			isa = PBXGroup;
			children = (
				C5281F6821F1376600BAD5B0 /* gistErrorResponse.json */,
				C5281F6321F129F800BAD5B0 /* gistResponse.json */,
				C5281F5621F113F900BAD5B0 /* curriculumvitae.json */,
				C5281FA921F4B5E500BAD5B0 /* empty.json */,
				C5281FD321F659E100BAD5B0 /* curriculumvitaeError.json */,
			);
			path = Resources;
			sourceTree = "<group>";
		};
		C5281F5721F113F900BAD5B0 /* MockServer */ = {
			isa = PBXGroup;
			children = (
				C5281F5821F113F900BAD5B0 /* MockServer.swift */,
			);
			path = MockServer;
			sourceTree = "<group>";
		};
		C5281F5921F113F900BAD5B0 /* Fixture */ = {
			isa = PBXGroup;
			children = (
				C5281F5A21F113F900BAD5B0 /* Fixtures.swift */,
			);
			path = Fixture;
			sourceTree = "<group>";
		};
		C5281F5E21F11F4000BAD5B0 /* Network Layer */ = {
			isa = PBXGroup;
			children = (
				C5281F5F21F11F8700BAD5B0 /* GistApiController.swift */,
				C5281F7821F26CB500BAD5B0 /* UIImageView+LoadImage.swift */,
				C5281FAB21F4BBD500BAD5B0 /* ReachabilityStatus.swift */,
			);
			path = "Network Layer";
			sourceTree = "<group>";
		};
		C5281F6521F12B3C00BAD5B0 /* Network Layer */ = {
			isa = PBXGroup;
			children = (
				C5281F6621F12B6300BAD5B0 /* GistApiControllerTest.swift */,
			);
			path = "Network Layer";
			sourceTree = "<group>";
		};
		C5281F6A21F1CF8000BAD5B0 /* Presentation Layer */ = {
			isa = PBXGroup;
			children = (
				C5281FA121F491FB00BAD5B0 /* Experience Layer */,
				C5281F8821F35A8600BAD5B0 /* Technical View layer */,
				C5281F6B21F1CFB700BAD5B0 /* Root View Layer */,
			);
			path = "Presentation Layer";
			sourceTree = "<group>";
		};
		C5281F6B21F1CFB700BAD5B0 /* Root View Layer */ = {
			isa = PBXGroup;
			children = (
				C5281F6D21F1D03200BAD5B0 /* RootViewControllerTest.swift */,
			);
			path = "Root View Layer";
			sourceTree = "<group>";
		};
		C5281F6C21F1CFD400BAD5B0 /* Root View Layer */ = {
			isa = PBXGroup;
			children = (
				C5281F8221F33E2E00BAD5B0 /* Cell */,
				C5281F2D21F1019E00BAD5B0 /* RootViewController.swift */,
				C5281F7121F1D09900BAD5B0 /* RootViewModel.swift */,
				C5281F7321F1E56E00BAD5B0 /* ProfileView.swift */,
			);
			path = "Root View Layer";
			sourceTree = "<group>";
		};
		C5281F7521F1F53B00BAD5B0 /* Coordinator */ = {
			isa = PBXGroup;
			children = (
				C5281F7621F1F56D00BAD5B0 /* Coordinator.swift */,
				C5258CF52204943900108813 /* RootViewCoordinator.swift */,
				C5258CF72204949300108813 /* RootDetailCoordinator.swift */,
			);
			path = Coordinator;
			sourceTree = "<group>";
		};
		C5281F8221F33E2E00BAD5B0 /* Cell */ = {
			isa = PBXGroup;
			children = (
				C5281F7A21F32CFA00BAD5B0 /* SummaryTableViewCell.swift */,
				C5281F7B21F32CFA00BAD5B0 /* SummaryTableViewCell.xib */,
				C5281F7E21F3378200BAD5B0 /* OtherTableViewCell.swift */,
				C5281F7F21F3378200BAD5B0 /* OtherTableViewCell.xib */,
			);
			path = Cell;
			sourceTree = "<group>";
		};
		C5281F8321F3560100BAD5B0 /* Technical View layer */ = {
			isa = PBXGroup;
			children = (
				C5281F8421F3565E00BAD5B0 /* TechnicalViewController.swift */,
				C5281F8621F3567E00BAD5B0 /* Technical.storyboard */,
				C5281F8B21F35D5D00BAD5B0 /* TechnicalViewModel.swift */,
			);
			path = "Technical View layer";
			sourceTree = "<group>";
		};
		C5281F8821F35A8600BAD5B0 /* Technical View layer */ = {
			isa = PBXGroup;
			children = (
				C5281F9221F3975100BAD5B0 /* Mock */,
				C5281F8921F35AA300BAD5B0 /* TechnicalViewControllerTest.swift */,
			);
			path = "Technical View layer";
			sourceTree = "<group>";
		};
		C5281F8D21F3845000BAD5B0 /* Extension */ = {
			isa = PBXGroup;
			children = (
				C5281F9021F3847700BAD5B0 /* Viewcontroller+Test.swift */,
			);
			path = Extension;
			sourceTree = "<group>";
		};
		C5281F9221F3975100BAD5B0 /* Mock */ = {
			isa = PBXGroup;
			children = (
				C5281F9321F3977A00BAD5B0 /* TechnicalViewModelMock.swift */,
			);
			path = Mock;
			sourceTree = "<group>";
		};
		C5281F9521F3A85900BAD5B0 /* Experience view layer */ = {
			isa = PBXGroup;
			children = (
				C5281F9C21F3B65900BAD5B0 /* Cell */,
				C5281F9621F3A8A600BAD5B0 /* ExperienceViewController.swift */,
				C5281F9821F3A8BC00BAD5B0 /* Experience.storyboard */,
				C5281F9A21F3A90F00BAD5B0 /* ExperienceViewModel.swift */,
				C5281F9F21F4822000BAD5B0 /* ExperienceDetailsViewController.swift */,
			);
			path = "Experience view layer";
			sourceTree = "<group>";
		};
		C5281F9C21F3B65900BAD5B0 /* Cell */ = {
			isa = PBXGroup;
			children = (
				C5281F9D21F3B6DE00BAD5B0 /* ExperienceListTableViewCell.swift */,
			);
			path = Cell;
			sourceTree = "<group>";
		};
		C5281FA121F491FB00BAD5B0 /* Experience Layer */ = {
			isa = PBXGroup;
			children = (
				C5281FA221F4922500BAD5B0 /* ExperienceViewControllerTest.swift */,
				C5281FB021F4C53C00BAD5B0 /* ExperienceDetailsViewControllerTest.swift */,
			);
			path = "Experience Layer";
			sourceTree = "<group>";
		};
		C5281FA621F4B3DB00BAD5B0 /* Model */ = {
			isa = PBXGroup;
			children = (
				C5281FA721F4B41F00BAD5B0 /* CurriculumVitaeTest.swift */,
			);
			path = Model;
			sourceTree = "<group>";
		};
		C5281FAD21F4BD9500BAD5B0 /* Listener */ = {
			isa = PBXGroup;
			children = (
				C5281FAE21F4BDC300BAD5B0 /* Box.swift */,
			);
			path = Listener;
			sourceTree = "<group>";
		};
		C5281FB721F4DE5E00BAD5B0 /* CurriculumVitaeUITests */ = {
			isa = PBXGroup;
			children = (
				C5281FC021F4DE9C00BAD5B0 /* PageObjects */,
				C5281FBA21F4DE5E00BAD5B0 /* Info.plist */,
				C5281FC121F4DEE300BAD5B0 /* RootViewTest.swift */,
				C5281FCD21F4EC3200BAD5B0 /* ExperienceViewTest.swift */,
			);
			path = CurriculumVitaeUITests;
			sourceTree = "<group>";
		};
		C5281FC021F4DE9C00BAD5B0 /* PageObjects */ = {
			isa = PBXGroup;
			children = (
				C5281FC921F4E00D00BAD5B0 /* RootViewPage.swift */,
				C5281FCB21F4EB0200BAD5B0 /* TechnicalViewPage.swift */,
				C5281FCF21F4ECFC00BAD5B0 /* ExperienceViewPage.swift */,
				C5281FD121F4FB8600BAD5B0 /* ExperienceDetailsPage.swift */,
			);
			path = PageObjects;
			sourceTree = "<group>";
		};
/* End PBXGroup section */

/* Begin PBXNativeTarget section */
		C5281F2721F1019E00BAD5B0 /* CurriculumVitae */ = {
			isa = PBXNativeTarget;
			buildConfigurationList = C5281F4521F101A000BAD5B0 /* Build configuration list for PBXNativeTarget "CurriculumVitae" */;
			buildPhases = (
				E554701A0FDDE4468A7BFFE6 /* [CP] Check Pods Manifest.lock */,
				C5281F2421F1019E00BAD5B0 /* Sources */,
				C5281F2521F1019E00BAD5B0 /* Frameworks */,
				C5281F2621F1019E00BAD5B0 /* Resources */,
				7AEAACB6169021C1AACA9A2D /* [CP] Embed Pods Frameworks */,
				FE46D72CDA58156B66F5EFAF /* [CP] Copy Pods Resources */,
			);
			buildRules = (
			);
			dependencies = (
			);
			name = CurriculumVitae;
			productName = CurriculumVitae;
			productReference = C5281F2821F1019E00BAD5B0 /* CurriculumVitae.app */;
			productType = "com.apple.product-type.application";
		};
		C5281F3B21F101A000BAD5B0 /* CurriculumVitaeTests */ = {
			isa = PBXNativeTarget;
			buildConfigurationList = C5281F4821F101A000BAD5B0 /* Build configuration list for PBXNativeTarget "CurriculumVitaeTests" */;
			buildPhases = (
				D6E4CCFBDD50F6507E3B84CC /* [CP] Check Pods Manifest.lock */,
				C5281F3821F101A000BAD5B0 /* Sources */,
				C5281F3921F101A000BAD5B0 /* Frameworks */,
				C5281F3A21F101A000BAD5B0 /* Resources */,
				83CE16CDA333388F872FB965 /* [CP] Embed Pods Frameworks */,
				81E101CA8DCDCB19785E3D29 /* [CP] Copy Pods Resources */,
			);
			buildRules = (
			);
			dependencies = (
				C5281F3E21F101A000BAD5B0 /* PBXTargetDependency */,
			);
			name = CurriculumVitaeTests;
			productName = CurriculumVitaeTests;
			productReference = C5281F3C21F101A000BAD5B0 /* CurriculumVitaeTests.xctest */;
			productType = "com.apple.product-type.bundle.unit-test";
		};
		C5281FB521F4DE5E00BAD5B0 /* CurriculumVitaeUITests */ = {
			isa = PBXNativeTarget;
			buildConfigurationList = C5281FBD21F4DE5E00BAD5B0 /* Build configuration list for PBXNativeTarget "CurriculumVitaeUITests" */;
			buildPhases = (
				9FDD9654F63FFB280BA5DA10 /* [CP] Check Pods Manifest.lock */,
				C5281FB221F4DE5E00BAD5B0 /* Sources */,
				C5281FB321F4DE5E00BAD5B0 /* Frameworks */,
				C5281FB421F4DE5E00BAD5B0 /* Resources */,
				8DE6AA2C264E1A61CDF79EFE /* [CP] Embed Pods Frameworks */,
				13A26C02B4549C961EBA2856 /* [CP] Copy Pods Resources */,
			);
			buildRules = (
			);
			dependencies = (
				C5281FBC21F4DE5E00BAD5B0 /* PBXTargetDependency */,
			);
			name = CurriculumVitaeUITests;
			productName = CurriculumVitaeUITests;
			productReference = C5281FB621F4DE5E00BAD5B0 /* CurriculumVitaeUITests.xctest */;
			productType = "com.apple.product-type.bundle.ui-testing";
		};
/* End PBXNativeTarget section */

/* Begin PBXProject section */
		C5281F2021F1019E00BAD5B0 /* Project object */ = {
			isa = PBXProject;
			attributes = {
				LastSwiftUpdateCheck = 1010;
				LastUpgradeCheck = 1010;
				ORGANIZATIONNAME = "Suman Chatterjee";
				TargetAttributes = {
					C5281F2721F1019E00BAD5B0 = {
						CreatedOnToolsVersion = 10.1;
					};
					C5281F3B21F101A000BAD5B0 = {
						CreatedOnToolsVersion = 10.1;
						TestTargetID = C5281F2721F1019E00BAD5B0;
					};
					C5281FB521F4DE5E00BAD5B0 = {
						CreatedOnToolsVersion = 10.1;
						TestTargetID = C5281F2721F1019E00BAD5B0;
					};
				};
			};
			buildConfigurationList = C5281F2321F1019E00BAD5B0 /* Build configuration list for PBXProject "CurriculumVitae" */;
			compatibilityVersion = "Xcode 9.3";
			developmentRegion = en;
			hasScannedForEncodings = 0;
			knownRegions = (
				en,
				Base,
			);
			mainGroup = C5281F1F21F1019E00BAD5B0;
			productRefGroup = C5281F2921F1019E00BAD5B0 /* Products */;
			projectDirPath = "";
			projectRoot = "";
			targets = (
				C5281F2721F1019E00BAD5B0 /* CurriculumVitae */,
				C5281F3B21F101A000BAD5B0 /* CurriculumVitaeTests */,
				C5281FB521F4DE5E00BAD5B0 /* CurriculumVitaeUITests */,
			);
		};
/* End PBXProject section */

/* Begin PBXResourcesBuildPhase section */
		C5281F2621F1019E00BAD5B0 /* Resources */ = {
			isa = PBXResourcesBuildPhase;
			buildActionMask = 2147483647;
			files = (
				C5281F3621F101A000BAD5B0 /* LaunchScreen.storyboard in Resources */,
				C5281F3321F101A000BAD5B0 /* Assets.xcassets in Resources */,
				C5281F8721F3567E00BAD5B0 /* Technical.storyboard in Resources */,
				C5281F7D21F32CFA00BAD5B0 /* SummaryTableViewCell.xib in Resources */,
				C5281F3121F1019E00BAD5B0 /* Main.storyboard in Resources */,
				C5281F8121F3378200BAD5B0 /* OtherTableViewCell.xib in Resources */,
				C5281F9921F3A8BC00BAD5B0 /* Experience.storyboard in Resources */,
			);
			runOnlyForDeploymentPostprocessing = 0;
		};
		C5281F3A21F101A000BAD5B0 /* Resources */ = {
			isa = PBXResourcesBuildPhase;
			buildActionMask = 2147483647;
			files = (
				C5281F5B21F113F900BAD5B0 /* curriculumvitae.json in Resources */,
				C5281FAA21F4B5E500BAD5B0 /* empty.json in Resources */,
				C5281F6421F129F800BAD5B0 /* gistResponse.json in Resources */,
				C5281F6921F1376600BAD5B0 /* gistErrorResponse.json in Resources */,
				C5281FD421F659E100BAD5B0 /* curriculumvitaeError.json in Resources */,
			);
			runOnlyForDeploymentPostprocessing = 0;
		};
		C5281FB421F4DE5E00BAD5B0 /* Resources */ = {
			isa = PBXResourcesBuildPhase;
			buildActionMask = 2147483647;
			files = (
				C5281FC321F4DF1800BAD5B0 /* gistErrorResponse.json in Resources */,
				C5281FC621F4DF1800BAD5B0 /* empty.json in Resources */,
				C5281FC421F4DF1800BAD5B0 /* gistResponse.json in Resources */,
				C5281FC521F4DF1800BAD5B0 /* curriculumvitae.json in Resources */,
				C5281FD521F659E100BAD5B0 /* curriculumvitaeError.json in Resources */,
			);
			runOnlyForDeploymentPostprocessing = 0;
		};
/* End PBXResourcesBuildPhase section */

/* Begin PBXShellScriptBuildPhase section */
		13A26C02B4549C961EBA2856 /* [CP] Copy Pods Resources */ = {
			isa = PBXShellScriptBuildPhase;
			buildActionMask = 2147483647;
			files = (
			);
			inputPaths = (
			);
			name = "[CP] Copy Pods Resources";
			outputPaths = (
			);
			runOnlyForDeploymentPostprocessing = 0;
			shellPath = /bin/sh;
			shellScript = "\"${SRCROOT}/Pods/Target Support Files/Pods-CurriculumVitae-CurriculumVitaeUITests/Pods-CurriculumVitae-CurriculumVitaeUITests-resources.sh\"\n";
			showEnvVarsInLog = 0;
		};
		7AEAACB6169021C1AACA9A2D /* [CP] Embed Pods Frameworks */ = {
			isa = PBXShellScriptBuildPhase;
			buildActionMask = 2147483647;
			files = (
			);
			inputPaths = (
			);
			name = "[CP] Embed Pods Frameworks";
			outputPaths = (
			);
			runOnlyForDeploymentPostprocessing = 0;
			shellPath = /bin/sh;
			shellScript = "\"${SRCROOT}/Pods/Target Support Files/Pods-CurriculumVitae/Pods-CurriculumVitae-frameworks.sh\"\n";
			showEnvVarsInLog = 0;
		};
		81E101CA8DCDCB19785E3D29 /* [CP] Copy Pods Resources */ = {
			isa = PBXShellScriptBuildPhase;
			buildActionMask = 2147483647;
			files = (
			);
			inputPaths = (
			);
			name = "[CP] Copy Pods Resources";
			outputPaths = (
			);
			runOnlyForDeploymentPostprocessing = 0;
			shellPath = /bin/sh;
			shellScript = "\"${SRCROOT}/Pods/Target Support Files/Pods-CurriculumVitae-CurriculumVitaeTests/Pods-CurriculumVitae-CurriculumVitaeTests-resources.sh\"\n";
			showEnvVarsInLog = 0;
		};
		83CE16CDA333388F872FB965 /* [CP] Embed Pods Frameworks */ = {
			isa = PBXShellScriptBuildPhase;
			buildActionMask = 2147483647;
			files = (
			);
			inputPaths = (
				"${SRCROOT}/Pods/Target Support Files/Pods-CurriculumVitae-CurriculumVitaeTests/Pods-CurriculumVitae-CurriculumVitaeTests-frameworks.sh",
				"${BUILT_PRODUCTS_DIR}/GCDWebServer/GCDWebServer.framework",
				"${BUILT_PRODUCTS_DIR}/Nimble/Nimble.framework",
				"${BUILT_PRODUCTS_DIR}/Quick/Quick.framework",
			);
			name = "[CP] Embed Pods Frameworks";
			outputPaths = (
				"${TARGET_BUILD_DIR}/${FRAMEWORKS_FOLDER_PATH}/GCDWebServer.framework",
				"${TARGET_BUILD_DIR}/${FRAMEWORKS_FOLDER_PATH}/Nimble.framework",
				"${TARGET_BUILD_DIR}/${FRAMEWORKS_FOLDER_PATH}/Quick.framework",
			);
			runOnlyForDeploymentPostprocessing = 0;
			shellPath = /bin/sh;
			shellScript = "\"${SRCROOT}/Pods/Target Support Files/Pods-CurriculumVitae-CurriculumVitaeTests/Pods-CurriculumVitae-CurriculumVitaeTests-frameworks.sh\"\n";
			showEnvVarsInLog = 0;
		};
		8DE6AA2C264E1A61CDF79EFE /* [CP] Embed Pods Frameworks */ = {
			isa = PBXShellScriptBuildPhase;
			buildActionMask = 2147483647;
			files = (
			);
			inputPaths = (
				"${SRCROOT}/Pods/Target Support Files/Pods-CurriculumVitae-CurriculumVitaeUITests/Pods-CurriculumVitae-CurriculumVitaeUITests-frameworks.sh",
				"${BUILT_PRODUCTS_DIR}/GCDWebServer/GCDWebServer.framework",
				"${BUILT_PRODUCTS_DIR}/Nimble/Nimble.framework",
				"${BUILT_PRODUCTS_DIR}/Quick/Quick.framework",
			);
			name = "[CP] Embed Pods Frameworks";
			outputPaths = (
				"${TARGET_BUILD_DIR}/${FRAMEWORKS_FOLDER_PATH}/GCDWebServer.framework",
				"${TARGET_BUILD_DIR}/${FRAMEWORKS_FOLDER_PATH}/Nimble.framework",
				"${TARGET_BUILD_DIR}/${FRAMEWORKS_FOLDER_PATH}/Quick.framework",
			);
			runOnlyForDeploymentPostprocessing = 0;
			shellPath = /bin/sh;
			shellScript = "\"${SRCROOT}/Pods/Target Support Files/Pods-CurriculumVitae-CurriculumVitaeUITests/Pods-CurriculumVitae-CurriculumVitaeUITests-frameworks.sh\"\n";
			showEnvVarsInLog = 0;
		};
		9FDD9654F63FFB280BA5DA10 /* [CP] Check Pods Manifest.lock */ = {
			isa = PBXShellScriptBuildPhase;
			buildActionMask = 2147483647;
			files = (
			);
			inputPaths = (
				"${PODS_PODFILE_DIR_PATH}/Podfile.lock",
				"${PODS_ROOT}/Manifest.lock",
			);
			name = "[CP] Check Pods Manifest.lock";
			outputPaths = (
				"$(DERIVED_FILE_DIR)/Pods-CurriculumVitae-CurriculumVitaeUITests-checkManifestLockResult.txt",
			);
			runOnlyForDeploymentPostprocessing = 0;
			shellPath = /bin/sh;
			shellScript = "diff \"${PODS_PODFILE_DIR_PATH}/Podfile.lock\" \"${PODS_ROOT}/Manifest.lock\" > /dev/null\nif [ $? != 0 ] ; then\n    # print error to STDERR\n    echo \"error: The sandbox is not in sync with the Podfile.lock. Run 'pod install' or update your CocoaPods installation.\" >&2\n    exit 1\nfi\n# This output is used by Xcode 'outputs' to avoid re-running this script phase.\necho \"SUCCESS\" > \"${SCRIPT_OUTPUT_FILE_0}\"\n";
			showEnvVarsInLog = 0;
		};
		D6E4CCFBDD50F6507E3B84CC /* [CP] Check Pods Manifest.lock */ = {
			isa = PBXShellScriptBuildPhase;
			buildActionMask = 2147483647;
			files = (
			);
			inputPaths = (
				"${PODS_PODFILE_DIR_PATH}/Podfile.lock",
				"${PODS_ROOT}/Manifest.lock",
			);
			name = "[CP] Check Pods Manifest.lock";
			outputPaths = (
				"$(DERIVED_FILE_DIR)/Pods-CurriculumVitae-CurriculumVitaeTests-checkManifestLockResult.txt",
			);
			runOnlyForDeploymentPostprocessing = 0;
			shellPath = /bin/sh;
			shellScript = "diff \"${PODS_PODFILE_DIR_PATH}/Podfile.lock\" \"${PODS_ROOT}/Manifest.lock\" > /dev/null\nif [ $? != 0 ] ; then\n    # print error to STDERR\n    echo \"error: The sandbox is not in sync with the Podfile.lock. Run 'pod install' or update your CocoaPods installation.\" >&2\n    exit 1\nfi\n# This output is used by Xcode 'outputs' to avoid re-running this script phase.\necho \"SUCCESS\" > \"${SCRIPT_OUTPUT_FILE_0}\"\n";
			showEnvVarsInLog = 0;
		};
		E554701A0FDDE4468A7BFFE6 /* [CP] Check Pods Manifest.lock */ = {
			isa = PBXShellScriptBuildPhase;
			buildActionMask = 2147483647;
			files = (
			);
			inputPaths = (
				"${PODS_PODFILE_DIR_PATH}/Podfile.lock",
				"${PODS_ROOT}/Manifest.lock",
			);
			name = "[CP] Check Pods Manifest.lock";
			outputPaths = (
				"$(DERIVED_FILE_DIR)/Pods-CurriculumVitae-checkManifestLockResult.txt",
			);
			runOnlyForDeploymentPostprocessing = 0;
			shellPath = /bin/sh;
			shellScript = "diff \"${PODS_PODFILE_DIR_PATH}/Podfile.lock\" \"${PODS_ROOT}/Manifest.lock\" > /dev/null\nif [ $? != 0 ] ; then\n    # print error to STDERR\n    echo \"error: The sandbox is not in sync with the Podfile.lock. Run 'pod install' or update your CocoaPods installation.\" >&2\n    exit 1\nfi\n# This output is used by Xcode 'outputs' to avoid re-running this script phase.\necho \"SUCCESS\" > \"${SCRIPT_OUTPUT_FILE_0}\"\n";
			showEnvVarsInLog = 0;
		};
		FE46D72CDA58156B66F5EFAF /* [CP] Copy Pods Resources */ = {
			isa = PBXShellScriptBuildPhase;
			buildActionMask = 2147483647;
			files = (
			);
			inputPaths = (
			);
			name = "[CP] Copy Pods Resources";
			outputPaths = (
			);
			runOnlyForDeploymentPostprocessing = 0;
			shellPath = /bin/sh;
			shellScript = "\"${SRCROOT}/Pods/Target Support Files/Pods-CurriculumVitae/Pods-CurriculumVitae-resources.sh\"\n";
			showEnvVarsInLog = 0;
		};
/* End PBXShellScriptBuildPhase section */

/* Begin PBXSourcesBuildPhase section */
		C5281F2421F1019E00BAD5B0 /* Sources */ = {
			isa = PBXSourcesBuildPhase;
			buildActionMask = 2147483647;
			files = (
				C5281F9721F3A8A600BAD5B0 /* ExperienceViewController.swift in Sources */,
				C5281F9E21F3B6DE00BAD5B0 /* ExperienceListTableViewCell.swift in Sources */,
				C5281F6221F1202E00BAD5B0 /* Constant.swift in Sources */,
				C5281F7421F1E56E00BAD5B0 /* ProfileView.swift in Sources */,
				C5281F8021F3378200BAD5B0 /* OtherTableViewCell.swift in Sources */,
				C5281FA021F4822000BAD5B0 /* ExperienceDetailsViewController.swift in Sources */,
				C5281F7721F1F56D00BAD5B0 /* Coordinator.swift in Sources */,
				C5281F2E21F1019E00BAD5B0 /* RootViewController.swift in Sources */,
				C5281F5121F1120400BAD5B0 /* GistMain.swift in Sources */,
				C5258CF62204943900108813 /* RootViewCoordinator.swift in Sources */,
				C5281F8C21F35D5D00BAD5B0 /* TechnicalViewModel.swift in Sources */,
				C5281F7921F26CB500BAD5B0 /* UIImageView+LoadImage.swift in Sources */,
				C5281F2C21F1019E00BAD5B0 /* AppDelegate.swift in Sources */,
				C5281F8521F3565E00BAD5B0 /* TechnicalViewController.swift in Sources */,
				C5281F4F21F1117F00BAD5B0 /* CurriculumVitae.swift in Sources */,
				C5281F5421F1126500BAD5B0 /* Serialize.swift in Sources */,
				C5281FAF21F4BDC300BAD5B0 /* Box.swift in Sources */,
				C5281F7221F1D09900BAD5B0 /* RootViewModel.swift in Sources */,
				C5258CF82204949300108813 /* RootDetailCoordinator.swift in Sources */,
				C5281FAC21F4BBD500BAD5B0 /* ReachabilityStatus.swift in Sources */,
				C5281F7C21F32CFA00BAD5B0 /* SummaryTableViewCell.swift in Sources */,
				C5281F9B21F3A90F00BAD5B0 /* ExperienceViewModel.swift in Sources */,
				C5281F6021F11F8700BAD5B0 /* GistApiController.swift in Sources */,
			);
			runOnlyForDeploymentPostprocessing = 0;
		};
		C5281F3821F101A000BAD5B0 /* Sources */ = {
			isa = PBXSourcesBuildPhase;
			buildActionMask = 2147483647;
			files = (
				C5281F6E21F1D03200BAD5B0 /* RootViewControllerTest.swift in Sources */,
				C5281F5C21F113F900BAD5B0 /* MockServer.swift in Sources */,
				C5281F9121F3847700BAD5B0 /* Viewcontroller+Test.swift in Sources */,
				C5281F5D21F113F900BAD5B0 /* Fixtures.swift in Sources */,
				C5281FA321F4922500BAD5B0 /* ExperienceViewControllerTest.swift in Sources */,
				C5281FB121F4C53C00BAD5B0 /* ExperienceDetailsViewControllerTest.swift in Sources */,
				C5281F8A21F35AA300BAD5B0 /* TechnicalViewControllerTest.swift in Sources */,
				C5281F9421F3977A00BAD5B0 /* TechnicalViewModelMock.swift in Sources */,
				C5281F6721F12B6300BAD5B0 /* GistApiControllerTest.swift in Sources */,
				C5281FA821F4B41F00BAD5B0 /* CurriculumVitaeTest.swift in Sources */,
			);
			runOnlyForDeploymentPostprocessing = 0;
		};
		C5281FB221F4DE5E00BAD5B0 /* Sources */ = {
			isa = PBXSourcesBuildPhase;
			buildActionMask = 2147483647;
			files = (
				C5281FCE21F4EC3200BAD5B0 /* ExperienceViewTest.swift in Sources */,
				C5281FD221F4FB8600BAD5B0 /* ExperienceDetailsPage.swift in Sources */,
				C5281FC821F4DF8300BAD5B0 /* MockServer.swift in Sources */,
				C5281FCC21F4EB0200BAD5B0 /* TechnicalViewPage.swift in Sources */,
				C5281FCA21F4E00D00BAD5B0 /* RootViewPage.swift in Sources */,
				C5281FC221F4DEE300BAD5B0 /* RootViewTest.swift in Sources */,
				C5281FD021F4ECFC00BAD5B0 /* ExperienceViewPage.swift in Sources */,
				C5281FC721F4DF7D00BAD5B0 /* Fixtures.swift in Sources */,
			);
			runOnlyForDeploymentPostprocessing = 0;
		};
/* End PBXSourcesBuildPhase section */

/* Begin PBXTargetDependency section */
		C5281F3E21F101A000BAD5B0 /* PBXTargetDependency */ = {
			isa = PBXTargetDependency;
			target = C5281F2721F1019E00BAD5B0 /* CurriculumVitae */;
			targetProxy = C5281F3D21F101A000BAD5B0 /* PBXContainerItemProxy */;
		};
		C5281FBC21F4DE5E00BAD5B0 /* PBXTargetDependency */ = {
			isa = PBXTargetDependency;
			target = C5281F2721F1019E00BAD5B0 /* CurriculumVitae */;
			targetProxy = C5281FBB21F4DE5E00BAD5B0 /* PBXContainerItemProxy */;
		};
/* End PBXTargetDependency section */

/* Begin PBXVariantGroup section */
		C5281F2F21F1019E00BAD5B0 /* Main.storyboard */ = {
			isa = PBXVariantGroup;
			children = (
				C5281F3021F1019E00BAD5B0 /* Base */,
			);
			name = Main.storyboard;
			sourceTree = "<group>";
		};
		C5281F3421F101A000BAD5B0 /* LaunchScreen.storyboard */ = {
			isa = PBXVariantGroup;
			children = (
				C5281F3521F101A000BAD5B0 /* Base */,
			);
			name = LaunchScreen.storyboard;
			sourceTree = "<group>";
		};
/* End PBXVariantGroup section */

/* Begin XCBuildConfiguration section */
		C5281F4321F101A000BAD5B0 /* Debug */ = {
			isa = XCBuildConfiguration;
			buildSettings = {
				ALWAYS_SEARCH_USER_PATHS = NO;
				CLANG_ANALYZER_NONNULL = YES;
				CLANG_ANALYZER_NUMBER_OBJECT_CONVERSION = YES_AGGRESSIVE;
				CLANG_CXX_LANGUAGE_STANDARD = "gnu++14";
				CLANG_CXX_LIBRARY = "libc++";
				CLANG_ENABLE_MODULES = YES;
				CLANG_ENABLE_OBJC_ARC = YES;
				CLANG_ENABLE_OBJC_WEAK = YES;
				CLANG_WARN_BLOCK_CAPTURE_AUTORELEASING = YES;
				CLANG_WARN_BOOL_CONVERSION = YES;
				CLANG_WARN_COMMA = YES;
				CLANG_WARN_CONSTANT_CONVERSION = YES;
				CLANG_WARN_DEPRECATED_OBJC_IMPLEMENTATIONS = YES;
				CLANG_WARN_DIRECT_OBJC_ISA_USAGE = YES_ERROR;
				CLANG_WARN_DOCUMENTATION_COMMENTS = YES;
				CLANG_WARN_EMPTY_BODY = YES;
				CLANG_WARN_ENUM_CONVERSION = YES;
				CLANG_WARN_INFINITE_RECURSION = YES;
				CLANG_WARN_INT_CONVERSION = YES;
				CLANG_WARN_NON_LITERAL_NULL_CONVERSION = YES;
				CLANG_WARN_OBJC_IMPLICIT_RETAIN_SELF = YES;
				CLANG_WARN_OBJC_LITERAL_CONVERSION = YES;
				CLANG_WARN_OBJC_ROOT_CLASS = YES_ERROR;
				CLANG_WARN_RANGE_LOOP_ANALYSIS = YES;
				CLANG_WARN_STRICT_PROTOTYPES = YES;
				CLANG_WARN_SUSPICIOUS_MOVE = YES;
				CLANG_WARN_UNGUARDED_AVAILABILITY = YES_AGGRESSIVE;
				CLANG_WARN_UNREACHABLE_CODE = YES;
				CLANG_WARN__DUPLICATE_METHOD_MATCH = YES;
				CODE_SIGN_IDENTITY = "iPhone Developer";
				COPY_PHASE_STRIP = NO;
				DEBUG_INFORMATION_FORMAT = dwarf;
				ENABLE_STRICT_OBJC_MSGSEND = YES;
				ENABLE_TESTABILITY = YES;
				GCC_C_LANGUAGE_STANDARD = gnu11;
				GCC_DYNAMIC_NO_PIC = NO;
				GCC_NO_COMMON_BLOCKS = YES;
				GCC_OPTIMIZATION_LEVEL = 0;
				GCC_PREPROCESSOR_DEFINITIONS = (
					"DEBUG=1",
					"$(inherited)",
				);
				GCC_WARN_64_TO_32_BIT_CONVERSION = YES;
				GCC_WARN_ABOUT_RETURN_TYPE = YES_ERROR;
				GCC_WARN_UNDECLARED_SELECTOR = YES;
				GCC_WARN_UNINITIALIZED_AUTOS = YES_AGGRESSIVE;
				GCC_WARN_UNUSED_FUNCTION = YES;
				GCC_WARN_UNUSED_VARIABLE = YES;
				IPHONEOS_DEPLOYMENT_TARGET = 12.1;
				MTL_ENABLE_DEBUG_INFO = INCLUDE_SOURCE;
				MTL_FAST_MATH = YES;
				ONLY_ACTIVE_ARCH = YES;
				SDKROOT = iphoneos;
				SWIFT_ACTIVE_COMPILATION_CONDITIONS = DEBUG;
				SWIFT_OPTIMIZATION_LEVEL = "-Onone";
			};
			name = Debug;
		};
		C5281F4421F101A000BAD5B0 /* Release */ = {
			isa = XCBuildConfiguration;
			buildSettings = {
				ALWAYS_SEARCH_USER_PATHS = NO;
				CLANG_ANALYZER_NONNULL = YES;
				CLANG_ANALYZER_NUMBER_OBJECT_CONVERSION = YES_AGGRESSIVE;
				CLANG_CXX_LANGUAGE_STANDARD = "gnu++14";
				CLANG_CXX_LIBRARY = "libc++";
				CLANG_ENABLE_MODULES = YES;
				CLANG_ENABLE_OBJC_ARC = YES;
				CLANG_ENABLE_OBJC_WEAK = YES;
				CLANG_WARN_BLOCK_CAPTURE_AUTORELEASING = YES;
				CLANG_WARN_BOOL_CONVERSION = YES;
				CLANG_WARN_COMMA = YES;
				CLANG_WARN_CONSTANT_CONVERSION = YES;
				CLANG_WARN_DEPRECATED_OBJC_IMPLEMENTATIONS = YES;
				CLANG_WARN_DIRECT_OBJC_ISA_USAGE = YES_ERROR;
				CLANG_WARN_DOCUMENTATION_COMMENTS = YES;
				CLANG_WARN_EMPTY_BODY = YES;
				CLANG_WARN_ENUM_CONVERSION = YES;
				CLANG_WARN_INFINITE_RECURSION = YES;
				CLANG_WARN_INT_CONVERSION = YES;
				CLANG_WARN_NON_LITERAL_NULL_CONVERSION = YES;
				CLANG_WARN_OBJC_IMPLICIT_RETAIN_SELF = YES;
				CLANG_WARN_OBJC_LITERAL_CONVERSION = YES;
				CLANG_WARN_OBJC_ROOT_CLASS = YES_ERROR;
				CLANG_WARN_RANGE_LOOP_ANALYSIS = YES;
				CLANG_WARN_STRICT_PROTOTYPES = YES;
				CLANG_WARN_SUSPICIOUS_MOVE = YES;
				CLANG_WARN_UNGUARDED_AVAILABILITY = YES_AGGRESSIVE;
				CLANG_WARN_UNREACHABLE_CODE = YES;
				CLANG_WARN__DUPLICATE_METHOD_MATCH = YES;
				CODE_SIGN_IDENTITY = "iPhone Developer";
				COPY_PHASE_STRIP = NO;
				DEBUG_INFORMATION_FORMAT = "dwarf-with-dsym";
				ENABLE_NS_ASSERTIONS = NO;
				ENABLE_STRICT_OBJC_MSGSEND = YES;
				GCC_C_LANGUAGE_STANDARD = gnu11;
				GCC_NO_COMMON_BLOCKS = YES;
				GCC_WARN_64_TO_32_BIT_CONVERSION = YES;
				GCC_WARN_ABOUT_RETURN_TYPE = YES_ERROR;
				GCC_WARN_UNDECLARED_SELECTOR = YES;
				GCC_WARN_UNINITIALIZED_AUTOS = YES_AGGRESSIVE;
				GCC_WARN_UNUSED_FUNCTION = YES;
				GCC_WARN_UNUSED_VARIABLE = YES;
				IPHONEOS_DEPLOYMENT_TARGET = 12.1;
				MTL_ENABLE_DEBUG_INFO = NO;
				MTL_FAST_MATH = YES;
				SDKROOT = iphoneos;
				SWIFT_COMPILATION_MODE = wholemodule;
				SWIFT_OPTIMIZATION_LEVEL = "-O";
				VALIDATE_PRODUCT = YES;
			};
			name = Release;
		};
		C5281F4621F101A000BAD5B0 /* Debug */ = {
			isa = XCBuildConfiguration;
			baseConfigurationReference = 666923F090681942DEFF330D /* Pods-CurriculumVitae.debug.xcconfig */;
			buildSettings = {
				ASSETCATALOG_COMPILER_APPICON_NAME = AppIcon;
				CODE_SIGN_STYLE = Automatic;
				DEVELOPMENT_TEAM = 6G9KR27J78;
				INFOPLIST_FILE = CurriculumVitae/Info.plist;
				LD_RUNPATH_SEARCH_PATHS = (
					"$(inherited)",
					"@executable_path/Frameworks",
				);
				PRODUCT_BUNDLE_IDENTIFIER = dreamapps.CurriculumVitae;
				PRODUCT_NAME = "$(TARGET_NAME)";
				SWIFT_VERSION = 4.2;
				TARGETED_DEVICE_FAMILY = "1,2";
			};
			name = Debug;
		};
		C5281F4721F101A000BAD5B0 /* Release */ = {
			isa = XCBuildConfiguration;
			baseConfigurationReference = 91D6BE0B2164748F2E738891 /* Pods-CurriculumVitae.release.xcconfig */;
			buildSettings = {
				ASSETCATALOG_COMPILER_APPICON_NAME = AppIcon;
				CODE_SIGN_STYLE = Automatic;
				DEVELOPMENT_TEAM = 6G9KR27J78;
				INFOPLIST_FILE = CurriculumVitae/Info.plist;
				LD_RUNPATH_SEARCH_PATHS = (
					"$(inherited)",
					"@executable_path/Frameworks",
				);
				PRODUCT_BUNDLE_IDENTIFIER = dreamapps.CurriculumVitae;
				PRODUCT_NAME = "$(TARGET_NAME)";
				SWIFT_VERSION = 4.2;
				TARGETED_DEVICE_FAMILY = "1,2";
			};
			name = Release;
		};
		C5281F4921F101A000BAD5B0 /* Debug */ = {
			isa = XCBuildConfiguration;
			baseConfigurationReference = 0D8087983A5D3D6F8F04A5F9 /* Pods-CurriculumVitae-CurriculumVitaeTests.debug.xcconfig */;
			buildSettings = {
				ALWAYS_EMBED_SWIFT_STANDARD_LIBRARIES = "$(inherited)";
				BUNDLE_LOADER = "$(TEST_HOST)";
				CODE_SIGN_STYLE = Automatic;
				DEVELOPMENT_TEAM = 6G9KR27J78;
				INFOPLIST_FILE = CurriculumVitaeTests/Info.plist;
				LD_RUNPATH_SEARCH_PATHS = (
					"$(inherited)",
					"@executable_path/Frameworks",
					"@loader_path/Frameworks",
				);
				PRODUCT_BUNDLE_IDENTIFIER = dreamapps.CurriculumVitaeTests;
				PRODUCT_NAME = "$(TARGET_NAME)";
				SWIFT_VERSION = 4.2;
				TARGETED_DEVICE_FAMILY = "1,2";
				TEST_HOST = "$(BUILT_PRODUCTS_DIR)/CurriculumVitae.app/CurriculumVitae";
			};
			name = Debug;
		};
		C5281F4A21F101A000BAD5B0 /* Release */ = {
			isa = XCBuildConfiguration;
			baseConfigurationReference = 09CC8652C80F0C34A28D4BCE /* Pods-CurriculumVitae-CurriculumVitaeTests.release.xcconfig */;
			buildSettings = {
				ALWAYS_EMBED_SWIFT_STANDARD_LIBRARIES = "$(inherited)";
				BUNDLE_LOADER = "$(TEST_HOST)";
				CODE_SIGN_STYLE = Automatic;
				DEVELOPMENT_TEAM = 6G9KR27J78;
				INFOPLIST_FILE = CurriculumVitaeTests/Info.plist;
				LD_RUNPATH_SEARCH_PATHS = (
					"$(inherited)",
					"@executable_path/Frameworks",
					"@loader_path/Frameworks",
				);
				PRODUCT_BUNDLE_IDENTIFIER = dreamapps.CurriculumVitaeTests;
				PRODUCT_NAME = "$(TARGET_NAME)";
				SWIFT_VERSION = 4.2;
				TARGETED_DEVICE_FAMILY = "1,2";
				TEST_HOST = "$(BUILT_PRODUCTS_DIR)/CurriculumVitae.app/CurriculumVitae";
			};
			name = Release;
		};
		C5281FBE21F4DE5E00BAD5B0 /* Debug */ = {
			isa = XCBuildConfiguration;
			baseConfigurationReference = 92036B27B586D8EA5722D9DD /* Pods-CurriculumVitae-CurriculumVitaeUITests.debug.xcconfig */;
			buildSettings = {
				CODE_SIGN_STYLE = Automatic;
				DEVELOPMENT_TEAM = 6G9KR27J78;
				INFOPLIST_FILE = CurriculumVitaeUITests/Info.plist;
				LD_RUNPATH_SEARCH_PATHS = (
					"$(inherited)",
					"@executable_path/Frameworks",
					"@loader_path/Frameworks",
				);
				PRODUCT_BUNDLE_IDENTIFIER = dreamapps.CurriculumVitaeUITests;
				PRODUCT_NAME = "$(TARGET_NAME)";
				SWIFT_VERSION = 4.2;
				TARGETED_DEVICE_FAMILY = "1,2";
				TEST_TARGET_NAME = CurriculumVitae;
			};
			name = Debug;
		};
		C5281FBF21F4DE5E00BAD5B0 /* Release */ = {
			isa = XCBuildConfiguration;
			baseConfigurationReference = 6001575D94EED5BC0D65AB57 /* Pods-CurriculumVitae-CurriculumVitaeUITests.release.xcconfig */;
			buildSettings = {
				CODE_SIGN_STYLE = Automatic;
				DEVELOPMENT_TEAM = 6G9KR27J78;
				INFOPLIST_FILE = CurriculumVitaeUITests/Info.plist;
				LD_RUNPATH_SEARCH_PATHS = (
					"$(inherited)",
					"@executable_path/Frameworks",
					"@loader_path/Frameworks",
				);
				PRODUCT_BUNDLE_IDENTIFIER = dreamapps.CurriculumVitaeUITests;
				PRODUCT_NAME = "$(TARGET_NAME)";
				SWIFT_VERSION = 4.2;
				TARGETED_DEVICE_FAMILY = "1,2";
				TEST_TARGET_NAME = CurriculumVitae;
			};
			name = Release;
		};
/* End XCBuildConfiguration section */

/* Begin XCConfigurationList section */
		C5281F2321F1019E00BAD5B0 /* Build configuration list for PBXProject "CurriculumVitae" */ = {
			isa = XCConfigurationList;
			buildConfigurations = (
				C5281F4321F101A000BAD5B0 /* Debug */,
				C5281F4421F101A000BAD5B0 /* Release */,
			);
			defaultConfigurationIsVisible = 0;
			defaultConfigurationName = Release;
		};
		C5281F4521F101A000BAD5B0 /* Build configuration list for PBXNativeTarget "CurriculumVitae" */ = {
			isa = XCConfigurationList;
			buildConfigurations = (
				C5281F4621F101A000BAD5B0 /* Debug */,
				C5281F4721F101A000BAD5B0 /* Release */,
			);
			defaultConfigurationIsVisible = 0;
			defaultConfigurationName = Release;
		};
		C5281F4821F101A000BAD5B0 /* Build configuration list for PBXNativeTarget "CurriculumVitaeTests" */ = {
			isa = XCConfigurationList;
			buildConfigurations = (
				C5281F4921F101A000BAD5B0 /* Debug */,
				C5281F4A21F101A000BAD5B0 /* Release */,
			);
			defaultConfigurationIsVisible = 0;
			defaultConfigurationName = Release;
		};
		C5281FBD21F4DE5E00BAD5B0 /* Build configuration list for PBXNativeTarget "CurriculumVitaeUITests" */ = {
			isa = XCConfigurationList;
			buildConfigurations = (
				C5281FBE21F4DE5E00BAD5B0 /* Debug */,
				C5281FBF21F4DE5E00BAD5B0 /* Release */,
			);
			defaultConfigurationIsVisible = 0;
			defaultConfigurationName = Release;
		};
/* End XCConfigurationList section */
	};
	rootObject = C5281F2021F1019E00BAD5B0 /* Project object */;
}
